<Solution>
  <Project Path="AstarPathfindingProject.csproj" />
  <Project Path="OA.Presentation.csproj" />
  <Project Path="AstarPathfindingProjectEditor.csproj" />
  <Project Path="Assembly-CSharp.csproj" />
  <Project Path="Drawing.csproj" />
  <Project Path="Assembly-CSharp-Editor.csproj" />
  <Project Path="AstarPackageToolsEditor.csproj" />
  <Project Path="TGSHDRPHelper.csproj" />
  <Project Path="OA.Simulation.csproj" />
  <Project Path="Gameplay.csproj" />
  <Project Path="andywiecko.BurstTriangulator.csproj" />
  <Project Path="TGSURPHelper.csproj" />
  <Project Path="PackageTools.csproj" />
  <Project Path="OA.Tests.EditMode.csproj" />
  <Project Path="OA.Integrations.AStar.csproj" />
  <Project Path="DrawingEditor.csproj" />
  <Project Path="OA.Foundation.csproj" />
  <Project Path="DrawingPackageToolsEditor.csproj" />
  <Project Path="OA.Tools.Editor.csproj" />
</Solution>
